
Microsoft Visual Studio Solution File, Format Version 12.00
# Visual Studio 15
VisualStudioVersion = 15.0.28307.329
MinimumVisualStudioVersion = 10.0.40219.1
Project("{8BC9CEB8-8B4A-11D0-8D11-00A0C91BC942}") = "SandBox", "SandBox\SandBox.vcxproj", "{1F2439E0-72E4-4BE6-9F2F-0069B7252C0D}"
EndProject
Project("{8BC9CEB8-8B4A-11D0-8D11-00A0C91BC942}") = "2DGameEngine", "2DGameEngine\2DGameEngine.vcxproj", "{FCAE6223-CEF3-4C8C-B1C6-6ED5F1DADCFB}"
EndProject
Global
	GlobalSection(SolutionConfigurationPlatforms) = preSolution
		Debug|x64 = Debug|x64
		Debug|x86 = Debug|x86
		Release|x64 = Release|x64
		Release|x86 = Release|x86
	EndGlobalSection
	GlobalSection(ProjectConfigurationPlatforms) = postSolution
		{1F2439E0-72E4-4BE6-9F2F-0069B7252C0D}.Debug|x64.ActiveCfg = Debug|x64
		{1F2439E0-72E4-4BE6-9F2F-0069B7252C0D}.Debug|x64.Build.0 = Debug|x64
		{1F2439E0-72E4-4BE6-9F2F-0069B7252C0D}.Debug|x86.ActiveCfg = Debug|Win32
		{1F2439E0-72E4-4BE6-9F2F-0069B7252C0D}.Debug|x86.Build.0 = Debug|Win32
		{1F2439E0-72E4-4BE6-9F2F-0069B7252C0D}.Release|x64.ActiveCfg = Release|x64
		{1F2439E0-72E4-4BE6-9F2F-0069B7252C0D}.Release|x64.Build.0 = Release|x64
		{1F2439E0-72E4-4BE6-9F2F-0069B7252C0D}.Release|x86.ActiveCfg = Release|Win32
		{1F2439E0-72E4-4BE6-9F2F-0069B7252C0D}.Release|x86.Build.0 = Release|Win32
		{FCAE6223-CEF3-4C8C-B1C6-6ED5F1DADCFB}.Debug|x64.ActiveCfg = Debug|x64
		{FCAE6223-CEF3-4C8C-B1C6-6ED5F1DADCFB}.Debug|x64.Build.0 = Debug|x64
		{FCAE6223-CEF3-4C8C-B1C6-6ED5F1DADCFB}.Debug|x86.ActiveCfg = Debug|Win32
		{FCAE6223-CEF3-4C8C-B1C6-6ED5F1DADCFB}.Debug|x86.Build.0 = Debug|Win32
		{FCAE6223-CEF3-4C8C-B1C6-6ED5F1DADCFB}.Release|x64.ActiveCfg = Release|x64
		{FCAE6223-CEF3-4C8C-B1C6-6ED5F1DADCFB}.Release|x64.Build.0 = Release|x64
		{FCAE6223-CEF3-4C8C-B1C6-6ED5F1DADCFB}.Release|x86.ActiveCfg = Release|Win32
		{FCAE6223-CEF3-4C8C-B1C6-6ED5F1DADCFB}.Release|x86.Build.0 = Release|Win32
	EndGlobalSection
	GlobalSection(SolutionProperties) = preSolution
		HideSolutionNode = FALSE
	EndGlobalSection
	GlobalSection(ExtensibilityGlobals) = postSolution
		SolutionGuid = {27C991B5-18C1-4E19-A65E-D2E17545F729}
	EndGlobalSection
EndGlobal
